// !$*UTF8*$!
{
	archiveVersion = 1;
	classes = {
	};
	objectVersion = 56;
	objects = {

/* Begin PBXBuildFile section */
		042752D02B9EF51400B9FD7D /* DetailViewController.swift in Sources */ = {isa = PBXBuildFile; fileRef = 042752CF2B9EF51400B9FD7D /* DetailViewController.swift */; };
		042752D22B9F070C00B9FD7D /* Task.swift in Sources */ = {isa = PBXBuildFile; fileRef = 042752D12B9F070C00B9FD7D /* Task.swift */; };
		042752D52B9F110400B9FD7D /* HomeViewModel.swift in Sources */ = {isa = PBXBuildFile; fileRef = 042752D42B9F110400B9FD7D /* HomeViewModel.swift */; };
		042752D92B9F35AC00B9FD7D /* DetailViewModel.swift in Sources */ = {isa = PBXBuildFile; fileRef = 042752D82B9F35AC00B9FD7D /* DetailViewModel.swift */; };
		0458C1C22B9EC8DA007EC243 /* HomeTableViewCell.swift in Sources */ = {isa = PBXBuildFile; fileRef = 0458C1C02B9EC8DA007EC243 /* HomeTableViewCell.swift */; };
		0458C1C32B9EC8DA007EC243 /* HomeTableViewCell.xib in Resources */ = {isa = PBXBuildFile; fileRef = 0458C1C12B9EC8DA007EC243 /* HomeTableViewCell.xib */; };
		049D94542B9B98DA00D503C7 /* AppDelegate.swift in Sources */ = {isa = PBXBuildFile; fileRef = 049D94532B9B98DA00D503C7 /* AppDelegate.swift */; };
		049D94562B9B98DA00D503C7 /* SceneDelegate.swift in Sources */ = {isa = PBXBuildFile; fileRef = 049D94552B9B98DA00D503C7 /* SceneDelegate.swift */; };
		049D94582B9B98DA00D503C7 /* ViewController.swift in Sources */ = {isa = PBXBuildFile; fileRef = 049D94572B9B98DA00D503C7 /* ViewController.swift */; };
		049D945B2B9B98DA00D503C7 /* Main.storyboard in Resources */ = {isa = PBXBuildFile; fileRef = 049D94592B9B98DA00D503C7 /* Main.storyboard */; };
		049D945E2B9B98DA00D503C7 /* Job_Scheduler.xcdatamodeld in Sources */ = {isa = PBXBuildFile; fileRef = 049D945C2B9B98DA00D503C7 /* Job_Scheduler.xcdatamodeld */; };
		049D94602B9B98DD00D503C7 /* Assets.xcassets in Resources */ = {isa = PBXBuildFile; fileRef = 049D945F2B9B98DD00D503C7 /* Assets.xcassets */; };
		049D94632B9B98DD00D503C7 /* LaunchScreen.storyboard in Resources */ = {isa = PBXBuildFile; fileRef = 049D94612B9B98DD00D503C7 /* LaunchScreen.storyboard */; };
		049D946B2B9B9E2F00D503C7 /* DatabaseHandler.swift in Sources */ = {isa = PBXBuildFile; fileRef = 049D946A2B9B9E2F00D503C7 /* DatabaseHandler.swift */; };
		049D946D2B9B9F7800D503C7 /* Job.swift in Sources */ = {isa = PBXBuildFile; fileRef = 049D946C2B9B9F7800D503C7 /* Job.swift */; };
/* End PBXBuildFile section */

/* Begin PBXFileReference section */
		042752CF2B9EF51400B9FD7D /* DetailViewController.swift */ = {isa = PBXFileReference; lastKnownFileType = sourcecode.swift; path = DetailViewController.swift; sourceTree = "<group>"; };
		042752D12B9F070C00B9FD7D /* Task.swift */ = {isa = PBXFileReference; lastKnownFileType = sourcecode.swift; path = Task.swift; sourceTree = "<group>"; };
		042752D42B9F110400B9FD7D /* HomeViewModel.swift */ = {isa = PBXFileReference; lastKnownFileType = sourcecode.swift; path = HomeViewModel.swift; sourceTree = "<group>"; };
		042752D82B9F35AC00B9FD7D /* DetailViewModel.swift */ = {isa = PBXFileReference; lastKnownFileType = sourcecode.swift; path = DetailViewModel.swift; sourceTree = "<group>"; };
		0458C1C02B9EC8DA007EC243 /* HomeTableViewCell.swift */ = {isa = PBXFileReference; lastKnownFileType = sourcecode.swift; path = HomeTableViewCell.swift; sourceTree = "<group>"; };
		0458C1C12B9EC8DA007EC243 /* HomeTableViewCell.xib */ = {isa = PBXFileReference; lastKnownFileType = file.xib; path = HomeTableViewCell.xib; sourceTree = "<group>"; };
		049D94502B9B98DA00D503C7 /* Job Scheduler.app */ = {isa = PBXFileReference; explicitFileType = wrapper.application; includeInIndex = 0; path = "Job Scheduler.app"; sourceTree = BUILT_PRODUCTS_DIR; };
		049D94532B9B98DA00D503C7 /* AppDelegate.swift */ = {isa = PBXFileReference; lastKnownFileType = sourcecode.swift; path = AppDelegate.swift; sourceTree = "<group>"; };
		049D94552B9B98DA00D503C7 /* SceneDelegate.swift */ = {isa = PBXFileReference; lastKnownFileType = sourcecode.swift; path = SceneDelegate.swift; sourceTree = "<group>"; };
		049D94572B9B98DA00D503C7 /* ViewController.swift */ = {isa = PBXFileReference; lastKnownFileType = sourcecode.swift; path = ViewController.swift; sourceTree = "<group>"; };
		049D945A2B9B98DA00D503C7 /* Base */ = {isa = PBXFileReference; lastKnownFileType = file.storyboard; name = Base; path = Base.lproj/Main.storyboard; sourceTree = "<group>"; };
		049D945D2B9B98DA00D503C7 /* Job_Scheduler.xcdatamodel */ = {isa = PBXFileReference; lastKnownFileType = wrapper.xcdatamodel; path = Job_Scheduler.xcdatamodel; sourceTree = "<group>"; };
		049D945F2B9B98DD00D503C7 /* Assets.xcassets */ = {isa = PBXFileReference; lastKnownFileType = folder.assetcatalog; path = Assets.xcassets; sourceTree = "<group>"; };
		049D94622B9B98DD00D503C7 /* Base */ = {isa = PBXFileReference; lastKnownFileType = file.storyboard; name = Base; path = Base.lproj/LaunchScreen.storyboard; sourceTree = "<group>"; };
		049D94642B9B98DD00D503C7 /* Info.plist */ = {isa = PBXFileReference; lastKnownFileType = text.plist.xml; path = Info.plist; sourceTree = "<group>"; };
		049D946A2B9B9E2F00D503C7 /* DatabaseHandler.swift */ = {isa = PBXFileReference; lastKnownFileType = sourcecode.swift; path = DatabaseHandler.swift; sourceTree = "<group>"; };
		049D946C2B9B9F7800D503C7 /* Job.swift */ = {isa = PBXFileReference; lastKnownFileType = sourcecode.swift; path = Job.swift; sourceTree = "<group>"; };
/* End PBXFileReference section */

/* Begin PBXFrameworksBuildPhase section */
		049D944D2B9B98DA00D503C7 /* Frameworks */ = {
			isa = PBXFrameworksBuildPhase;
			buildActionMask = 2147483647;
			files = (
			);
			runOnlyForDeploymentPostprocessing = 0;
		};
/* End PBXFrameworksBuildPhase section */

/* Begin PBXGroup section */
		042752D32B9F10DE00B9FD7D /* ViewModel */ = {
			isa = PBXGroup;
			children = (
				042752D42B9F110400B9FD7D /* HomeViewModel.swift */,
				042752D82B9F35AC00B9FD7D /* DetailViewModel.swift */,
			);
			path = ViewModel;
			sourceTree = "<group>";
		};
		042752D62B9F227900B9FD7D /* View */ = {
			isa = PBXGroup;
			children = (
				049D94572B9B98DA00D503C7 /* ViewController.swift */,
				049D94592B9B98DA00D503C7 /* Main.storyboard */,
				0458C1C42B9EC8EF007EC243 /* Cell */,
				042752CF2B9EF51400B9FD7D /* DetailViewController.swift */,
			);
			path = View;
			sourceTree = "<group>";
		};
		042752D72B9F229400B9FD7D /* Model */ = {
			isa = PBXGroup;
			children = (
				049D946C2B9B9F7800D503C7 /* Job.swift */,
				042752D12B9F070C00B9FD7D /* Task.swift */,
			);
			path = Model;
			sourceTree = "<group>";
		};
		042752DA2B9F451700B9FD7D /* CoreData */ = {
			isa = PBXGroup;
			children = (
				049D946A2B9B9E2F00D503C7 /* DatabaseHandler.swift */,
			);
			path = CoreData;
			sourceTree = "<group>";
		};
		0458C1C42B9EC8EF007EC243 /* Cell */ = {
			isa = PBXGroup;
			children = (
				0458C1C02B9EC8DA007EC243 /* HomeTableViewCell.swift */,
				0458C1C12B9EC8DA007EC243 /* HomeTableViewCell.xib */,
			);
			path = Cell;
			sourceTree = "<group>";
		};
		049D94472B9B98DA00D503C7 = {
			isa = PBXGroup;
			children = (
				049D94522B9B98DA00D503C7 /* Job Scheduler */,
				049D94512B9B98DA00D503C7 /* Products */,
			);
			sourceTree = "<group>";
		};
		049D94512B9B98DA00D503C7 /* Products */ = {
			isa = PBXGroup;
			children = (
				049D94502B9B98DA00D503C7 /* Job Scheduler.app */,
			);
			name = Products;
			sourceTree = "<group>";
		};
		049D94522B9B98DA00D503C7 /* Job Scheduler */ = {
			isa = PBXGroup;
			children = (
				042752D32B9F10DE00B9FD7D /* ViewModel */,
				049D94532B9B98DA00D503C7 /* AppDelegate.swift */,
				049D94552B9B98DA00D503C7 /* SceneDelegate.swift */,
				042752D62B9F227900B9FD7D /* View */,
				049D945F2B9B98DD00D503C7 /* Assets.xcassets */,
				049D94612B9B98DD00D503C7 /* LaunchScreen.storyboard */,
				049D94642B9B98DD00D503C7 /* Info.plist */,
				049D945C2B9B98DA00D503C7 /* Job_Scheduler.xcdatamodeld */,
				042752DA2B9F451700B9FD7D /* CoreData */,
				042752D72B9F229400B9FD7D /* Model */,
			);
			path = "Job Scheduler";
			sourceTree = "<group>";
		};
/* End PBXGroup section */

/* Begin PBXNativeTarget section */
		049D944F2B9B98DA00D503C7 /* Job Scheduler */ = {
			isa = PBXNativeTarget;
			buildConfigurationList = 049D94672B9B98DD00D503C7 /* Build configuration list for PBXNativeTarget "Job Scheduler" */;
			buildPhases = (
				049D944C2B9B98DA00D503C7 /* Sources */,
				049D944D2B9B98DA00D503C7 /* Frameworks */,
				049D944E2B9B98DA00D503C7 /* Resources */,
			);
			buildRules = (
			);
			dependencies = (
			);
			name = "Job Scheduler";
			productName = "Job Scheduler";
			productReference = 049D94502B9B98DA00D503C7 /* Job Scheduler.app */;
			productType = "com.apple.product-type.application";
		};
/* End PBXNativeTarget section */

/* Begin PBXProject section */
		049D94482B9B98DA00D503C7 /* Project object */ = {
			isa = PBXProject;
			attributes = {
				BuildIndependentTargetsInParallel = 1;
				LastSwiftUpdateCheck = 1510;
				LastUpgradeCheck = 1510;
				TargetAttributes = {
					049D944F2B9B98DA00D503C7 = {
						CreatedOnToolsVersion = 15.1;
					};
				};
			};
			buildConfigurationList = 049D944B2B9B98DA00D503C7 /* Build configuration list for PBXProject "Job Scheduler" */;
			compatibilityVersion = "Xcode 14.0";
			developmentRegion = en;
			hasScannedForEncodings = 0;
			knownRegions = (
				en,
				Base,
			);
			mainGroup = 049D94472B9B98DA00D503C7;
			productRefGroup = 049D94512B9B98DA00D503C7 /* Products */;
			projectDirPath = "";
			projectRoot = "";
			targets = (
				049D944F2B9B98DA00D503C7 /* Job Scheduler */,
			);
		};
/* End PBXProject section */

/* Begin PBXResourcesBuildPhase section */
		049D944E2B9B98DA00D503C7 /* Resources */ = {
			isa = PBXResourcesBuildPhase;
			buildActionMask = 2147483647;
			files = (
				049D94632B9B98DD00D503C7 /* LaunchScreen.storyboard in Resources */,
				049D94602B9B98DD00D503C7 /* Assets.xcassets in Resources */,
				0458C1C32B9EC8DA007EC243 /* HomeTableViewCell.xib in Resources */,
				049D945B2B9B98DA00D503C7 /* Main.storyboard in Resources */,
			);
			runOnlyForDeploymentPostprocessing = 0;
		};
/* End PBXResourcesBuildPhase section */

/* Begin PBXSourcesBuildPhase section */
		049D944C2B9B98DA00D503C7 /* Sources */ = {
			isa = PBXSourcesBuildPhase;
			buildActionMask = 2147483647;
			files = (
				049D946B2B9B9E2F00D503C7 /* DatabaseHandler.swift in Sources */,
				049D94582B9B98DA00D503C7 /* ViewController.swift in Sources */,
				0458C1C22B9EC8DA007EC243 /* HomeTableViewCell.swift in Sources */,
				042752D52B9F110400B9FD7D /* HomeViewModel.swift in Sources */,
				049D94542B9B98DA00D503C7 /* AppDelegate.swift in Sources */,
				049D94562B9B98DA00D503C7 /* SceneDelegate.swift in Sources */,
				049D946D2B9B9F7800D503C7 /* Job.swift in Sources */,
				049D945E2B9B98DA00D503C7 /* Job_Scheduler.xcdatamodeld in Sources */,
				042752D22B9F070C00B9FD7D /* Task.swift in Sources */,
				042752D92B9F35AC00B9FD7D /* DetailViewModel.swift in Sources */,
				042752D02B9EF51400B9FD7D /* DetailViewController.swift in Sources */,
			);
			runOnlyForDeploymentPostprocessing = 0;
		};
/* End PBXSourcesBuildPhase section */

/* Begin PBXVariantGroup section */
		049D94592B9B98DA00D503C7 /* Main.storyboard */ = {
			isa = PBXVariantGroup;
			children = (
				049D945A2B9B98DA00D503C7 /* Base */,
			);
			name = Main.storyboard;
			sourceTree = "<group>";
		};
		049D94612B9B98DD00D503C7 /* LaunchScreen.storyboard */ = {
			isa = PBXVariantGroup;
			children = (
				049D94622B9B98DD00D503C7 /* Base */,
			);
			name = LaunchScreen.storyboard;
			sourceTree = "<group>";
		};
/* End PBXVariantGroup section */

/* Begin XCBuildConfiguration section */
		049D94652B9B98DD00D503C7 /* Debug */ = {
			isa = XCBuildConfiguration;
			buildSettings = {
				ALWAYS_SEARCH_USER_PATHS = NO;
				ASSETCATALOG_COMPILER_GENERATE_SWIFT_ASSET_SYMBOL_EXTENSIONS = YES;
				CLANG_ANALYZER_NONNULL = YES;
				CLANG_ANALYZER_NUMBER_OBJECT_CONVERSION = YES_AGGRESSIVE;
				CLANG_CXX_LANGUAGE_STANDARD = "gnu++20";
				CLANG_ENABLE_MODULES = YES;
				CLANG_ENABLE_OBJC_ARC = YES;
				CLANG_ENABLE_OBJC_WEAK = YES;
				CLANG_WARN_BLOCK_CAPTURE_AUTORELEASING = YES;
				CLANG_WARN_BOOL_CONVERSION = YES;
				CLANG_WARN_COMMA = YES;
				CLANG_WARN_CONSTANT_CONVERSION = YES;
				CLANG_WARN_DEPRECATED_OBJC_IMPLEMENTATIONS = YES;
				CLANG_WARN_DIRECT_OBJC_ISA_USAGE = YES_ERROR;
				CLANG_WARN_DOCUMENTATION_COMMENTS = YES;
				CLANG_WARN_EMPTY_BODY = YES;
				CLANG_WARN_ENUM_CONVERSION = YES;
				CLANG_WARN_INFINITE_RECURSION = YES;
				CLANG_WARN_INT_CONVERSION = YES;
				CLANG_WARN_NON_LITERAL_NULL_CONVERSION = YES;
				CLANG_WARN_OBJC_IMPLICIT_RETAIN_SELF = YES;
				CLANG_WARN_OBJC_LITERAL_CONVERSION = YES;
				CLANG_WARN_OBJC_ROOT_CLASS = YES_ERROR;
				CLANG_WARN_QUOTED_INCLUDE_IN_FRAMEWORK_HEADER = YES;
				CLANG_WARN_RANGE_LOOP_ANALYSIS = YES;
				CLANG_WARN_STRICT_PROTOTYPES = YES;
				CLANG_WARN_SUSPICIOUS_MOVE = YES;
				CLANG_WARN_UNGUARDED_AVAILABILITY = YES_AGGRESSIVE;
				CLANG_WARN_UNREACHABLE_CODE = YES;
				CLANG_WARN__DUPLICATE_METHOD_MATCH = YES;
				COPY_PHASE_STRIP = NO;
				DEBUG_INFORMATION_FORMAT = dwarf;
				ENABLE_STRICT_OBJC_MSGSEND = YES;
				ENABLE_TESTABILITY = YES;
				ENABLE_USER_SCRIPT_SANDBOXING = YES;
				GCC_C_LANGUAGE_STANDARD = gnu17;
				GCC_DYNAMIC_NO_PIC = NO;
				GCC_NO_COMMON_BLOCKS = YES;
				GCC_OPTIMIZATION_LEVEL = 0;
				GCC_PREPROCESSOR_DEFINITIONS = (
					"DEBUG=1",
					"$(inherited)",
				);
				GCC_WARN_64_TO_32_BIT_CONVERSION = YES;
				GCC_WARN_ABOUT_RETURN_TYPE = YES_ERROR;
				GCC_WARN_UNDECLARED_SELECTOR = YES;
				GCC_WARN_UNINITIALIZED_AUTOS = YES_AGGRESSIVE;
				GCC_WARN_UNUSED_FUNCTION = YES;
				GCC_WARN_UNUSED_VARIABLE = YES;
				IPHONEOS_DEPLOYMENT_TARGET = 17.2;
				LOCALIZATION_PREFERS_STRING_CATALOGS = YES;
				MTL_ENABLE_DEBUG_INFO = INCLUDE_SOURCE;
				MTL_FAST_MATH = YES;
				ONLY_ACTIVE_ARCH = YES;
				SDKROOT = iphoneos;
				SWIFT_ACTIVE_COMPILATION_CONDITIONS = "DEBUG $(inherited)";
				SWIFT_OPTIMIZATION_LEVEL = "-Onone";
			};
			name = Debug;
		};
		049D94662B9B98DD00D503C7 /* Release */ = {
			isa = XCBuildConfiguration;
			buildSettings = {
				ALWAYS_SEARCH_USER_PATHS = NO;
				ASSETCATALOG_COMPILER_GENERATE_SWIFT_ASSET_SYMBOL_EXTENSIONS = YES;
				CLANG_ANALYZER_NONNULL = YES;
				CLANG_ANALYZER_NUMBER_OBJECT_CONVERSION = YES_AGGRESSIVE;
				CLANG_CXX_LANGUAGE_STANDARD = "gnu++20";
				CLANG_ENABLE_MODULES = YES;
				CLANG_ENABLE_OBJC_ARC = YES;
				CLANG_ENABLE_OBJC_WEAK = YES;
				CLANG_WARN_BLOCK_CAPTURE_AUTORELEASING = YES;
				CLANG_WARN_BOOL_CONVERSION = YES;
				CLANG_WARN_COMMA = YES;
				CLANG_WARN_CONSTANT_CONVERSION = YES;
				CLANG_WARN_DEPRECATED_OBJC_IMPLEMENTATIONS = YES;
				CLANG_WARN_DIRECT_OBJC_ISA_USAGE = YES_ERROR;
				CLANG_WARN_DOCUMENTATION_COMMENTS = YES;
				CLANG_WARN_EMPTY_BODY = YES;
				CLANG_WARN_ENUM_CONVERSION = YES;
				CLANG_WARN_INFINITE_RECURSION = YES;
				CLANG_WARN_INT_CONVERSION = YES;
				CLANG_WARN_NON_LITERAL_NULL_CONVERSION = YES;
				CLANG_WARN_OBJC_IMPLICIT_RETAIN_SELF = YES;
				CLANG_WARN_OBJC_LITERAL_CONVERSION = YES;
				CLANG_WARN_OBJC_ROOT_CLASS = YES_ERROR;
				CLANG_WARN_QUOTED_INCLUDE_IN_FRAMEWORK_HEADER = YES;
				CLANG_WARN_RANGE_LOOP_ANALYSIS = YES;
				CLANG_WARN_STRICT_PROTOTYPES = YES;
				CLANG_WARN_SUSPICIOUS_MOVE = YES;
				CLANG_WARN_UNGUARDED_AVAILABILITY = YES_AGGRESSIVE;
				CLANG_WARN_UNREACHABLE_CODE = YES;
				CLANG_WARN__DUPLICATE_METHOD_MATCH = YES;
				COPY_PHASE_STRIP = NO;
				DEBUG_INFORMATION_FORMAT = "dwarf-with-dsym";
				ENABLE_NS_ASSERTIONS = NO;
				ENABLE_STRICT_OBJC_MSGSEND = YES;
				ENABLE_USER_SCRIPT_SANDBOXING = YES;
				GCC_C_LANGUAGE_STANDARD = gnu17;
				GCC_NO_COMMON_BLOCKS = YES;
				GCC_WARN_64_TO_32_BIT_CONVERSION = YES;
				GCC_WARN_ABOUT_RETURN_TYPE = YES_ERROR;
				GCC_WARN_UNDECLARED_SELECTOR = YES;
				GCC_WARN_UNINITIALIZED_AUTOS = YES_AGGRESSIVE;
				GCC_WARN_UNUSED_FUNCTION = YES;
				GCC_WARN_UNUSED_VARIABLE = YES;
				IPHONEOS_DEPLOYMENT_TARGET = 17.2;
				LOCALIZATION_PREFERS_STRING_CATALOGS = YES;
				MTL_ENABLE_DEBUG_INFO = NO;
				MTL_FAST_MATH = YES;
				SDKROOT = iphoneos;
				SWIFT_COMPILATION_MODE = wholemodule;
				VALIDATE_PRODUCT = YES;
			};
			name = Release;
		};
		049D94682B9B98DD00D503C7 /* Debug */ = {
			isa = XCBuildConfiguration;
			buildSettings = {
				ASSETCATALOG_COMPILER_APPICON_NAME = AppIcon;
				ASSETCATALOG_COMPILER_GLOBAL_ACCENT_COLOR_NAME = AccentColor;
				CODE_SIGN_STYLE = Automatic;
				CURRENT_PROJECT_VERSION = 1;
				DEVELOPMENT_TEAM = JHKJGAN5M9;
				GENERATE_INFOPLIST_FILE = YES;
				INFOPLIST_FILE = "Job Scheduler/Info.plist";
				INFOPLIST_KEY_UIApplicationSupportsIndirectInputEvents = YES;
				INFOPLIST_KEY_UILaunchStoryboardName = LaunchScreen;
				INFOPLIST_KEY_UIMainStoryboardFile = Main;
				INFOPLIST_KEY_UISupportedInterfaceOrientations_iPad = "UIInterfaceOrientationPortrait UIInterfaceOrientationPortraitUpsideDown UIInterfaceOrientationLandscapeLeft UIInterfaceOrientationLandscapeRight";
				INFOPLIST_KEY_UISupportedInterfaceOrientations_iPhone = "UIInterfaceOrientationPortrait UIInterfaceOrientationLandscapeLeft UIInterfaceOrientationLandscapeRight";
				LD_RUNPATH_SEARCH_PATHS = (
					"$(inherited)",
					"@executable_path/Frameworks",
				);
				MARKETING_VERSION = 1.0;
				PRODUCT_BUNDLE_IDENTIFIER = "com.Nadhi.Job-Scheduler";
				PRODUCT_NAME = "$(TARGET_NAME)";
				SWIFT_EMIT_LOC_STRINGS = YES;
				SWIFT_VERSION = 5.0;
				TARGETED_DEVICE_FAMILY = "1,2";
			};
			name = Debug;
		};
		049D94692B9B98DD00D503C7 /* Release */ = {
			isa = XCBuildConfiguration;
			buildSettings = {
				ASSETCATALOG_COMPILER_APPICON_NAME = AppIcon;
				ASSETCATALOG_COMPILER_GLOBAL_ACCENT_COLOR_NAME = AccentColor;
				CODE_SIGN_STYLE = Automatic;
				CURRENT_PROJECT_VERSION = 1;
				DEVELOPMENT_TEAM = JHKJGAN5M9;
				GENERATE_INFOPLIST_FILE = YES;
				INFOPLIST_FILE = "Job Scheduler/Info.plist";
				INFOPLIST_KEY_UIApplicationSupportsIndirectInputEvents = YES;
				INFOPLIST_KEY_UILaunchStoryboardName = LaunchScreen;
				INFOPLIST_KEY_UIMainStoryboardFile = Main;
				INFOPLIST_KEY_UISupportedInterfaceOrientations_iPad = "UIInterfaceOrientationPortrait UIInterfaceOrientationPortraitUpsideDown UIInterfaceOrientationLandscapeLeft UIInterfaceOrientationLandscapeRight";
				INFOPLIST_KEY_UISupportedInterfaceOrientations_iPhone = "UIInterfaceOrientationPortrait UIInterfaceOrientationLandscapeLeft UIInterfaceOrientationLandscapeRight";
				LD_RUNPATH_SEARCH_PATHS = (
					"$(inherited)",
					"@executable_path/Frameworks",
				);
				MARKETING_VERSION = 1.0;
				PRODUCT_BUNDLE_IDENTIFIER = "com.Nadhi.Job-Scheduler";
				PRODUCT_NAME = "$(TARGET_NAME)";
				SWIFT_EMIT_LOC_STRINGS = YES;
				SWIFT_VERSION = 5.0;
				TARGETED_DEVICE_FAMILY = "1,2";
			};
			name = Release;
		};
/* End XCBuildConfiguration section */

/* Begin XCConfigurationList section */
		049D944B2B9B98DA00D503C7 /* Build configuration list for PBXProject "Job Scheduler" */ = {
			isa = XCConfigurationList;
			buildConfigurations = (
				049D94652B9B98DD00D503C7 /* Debug */,
				049D94662B9B98DD00D503C7 /* Release */,
			);
			defaultConfigurationIsVisible = 0;
			defaultConfigurationName = Release;
		};
		049D94672B9B98DD00D503C7 /* Build configuration list for PBXNativeTarget "Job Scheduler" */ = {
			isa = XCConfigurationList;
			buildConfigurations = (
				049D94682B9B98DD00D503C7 /* Debug */,
				049D94692B9B98DD00D503C7 /* Release */,
			);
			defaultConfigurationIsVisible = 0;
			defaultConfigurationName = Release;
		};
/* End XCConfigurationList section */

/* Begin XCVersionGroup section */
		049D945C2B9B98DA00D503C7 /* Job_Scheduler.xcdatamodeld */ = {
			isa = XCVersionGroup;
			children = (
				049D945D2B9B98DA00D503C7 /* Job_Scheduler.xcdatamodel */,
			);
			currentVersion = 049D945D2B9B98DA00D503C7 /* Job_Scheduler.xcdatamodel */;
			path = Job_Scheduler.xcdatamodeld;
			sourceTree = "<group>";
			versionGroupType = wrapper.xcdatamodel;
		};
/* End XCVersionGroup section */
	};
	rootObject = 049D94482B9B98DA00D503C7 /* Project object */;
}
